
Microsoft Visual Studio Solution File, Format Version 10.00
# Visual C# Express 2008
Project("{FAE04EC0-301F-11D3-BF4B-00C04F79EFBC}") = "CodeGreen", "CodeGreen.csproj", "{DA60492A-9269-416D-8A07-D7AF11F37583}"
EndProject
Global
	GlobalSection(SolutionConfigurationPlatforms) = preSolution
		Debug|Any CPU = Debug|Any CPU
		Release|Any CPU = Release|Any CPU
	EndGlobalSection
	GlobalSection(ProjectConfigurationPlatforms) = postSolution
		{DA60492A-9269-416D-8A07-D7AF11F37583}.Debug|Any CPU.ActiveCfg = Debug|Any CPU
		{DA60492A-9269-416D-8A07-D7AF11F37583}.Debug|Any CPU.Build.0 = Debug|Any CPU
		{DA60492A-9269-416D-8A07-D7AF11F37583}.Release|Any CPU.ActiveCfg = Release|Any CPU
		{DA60492A-9269-416D-8A07-D7AF11F37583}.Release|Any CPU.Build.0 = Release|Any CPU
	EndGlobalSection
	GlobalSection(SolutionProperties) = preSolution
		HideSolutionNode = FALSE
	EndGlobalSection
EndGlobal
